
Microsoft Visual Studio Solution File, Format Version 12.00
# Visual Studio Version 17
VisualStudioVersion = 17.4.33122.133
MinimumVisualStudioVersion = 10.0.40219.1
Project("{9A19103F-16F7-4668-BE54-9A1E7A4F7556}") = "AdventOfCode.Y2022", "AdventOfCode.Y2022\AdventOfCode.Y2022.csproj", "{E3A40680-219C-4259-83C5-EC08AA8EE4A0}"
EndProject
Project("{9A19103F-16F7-4668-BE54-9A1E7A4F7556}") = "AdventOfCode.Y2022.Tests", "AdventOfCode.Y2022.Tests\AdventOfCode.Y2022.Tests.csproj", "{6B4D6E97-D360-4710-90AF-7C78366F8B24}"
EndProject
Project("{2150E333-8FDC-42A3-9474-1A3956D46DE8}") = "templates", "templates", "{4F89F9E9-5163-4C6E-A037-ADD9B46B9945}"
	ProjectSection(SolutionItems) = preProject
		templates\00.txt = templates\00.txt
		templates\Day00.cs = templates\Day00.cs
		templates\Test00.cs = templates\Test00.cs
	EndProjectSection
EndProject
Project("{9A19103F-16F7-4668-BE54-9A1E7A4F7556}") = "AdventOfCode", "AdventOfCode\AdventOfCode.csproj", "{86483DA3-47AF-46BD-AEAB-5E57582B220B}"
EndProject
Project("{9A19103F-16F7-4668-BE54-9A1E7A4F7556}") = "AdventOfCode.Y2015.Tests", "AdventOfCode.Y2015.Tests\AdventOfCode.Y2015.Tests.csproj", "{A39DDEC6-1D46-4ACE-9BB3-48671D274508}"
EndProject
Project("{9A19103F-16F7-4668-BE54-9A1E7A4F7556}") = "AdventOfCode.Y2015", "AdventOfCode.Y2015\AdventOfCode.Y2015.csproj", "{67D4EE0F-34F6-4D9E-B587-49DD6C425407}"
EndProject
Project("{9A19103F-16F7-4668-BE54-9A1E7A4F7556}") = "AdventOfCode.Y2016", "AdventOfCode.Y2016\AdventOfCode.Y2016.csproj", "{9B5AB1DA-1438-4F33-BB68-BFB2BA5EEBD3}"
EndProject
Project("{9A19103F-16F7-4668-BE54-9A1E7A4F7556}") = "AdventOfCode.Y2016.Tests", "AdventOfCode.Y2016.Tests\AdventOfCode.Y2016.Tests.csproj", "{9473793D-B929-4975-B328-A392D9003A6A}"
EndProject
Project("{9A19103F-16F7-4668-BE54-9A1E7A4F7556}") = "AdventOfCode.Y2017", "AdventOfCode.Y2017\AdventOfCode.Y2017.csproj", "{6D6039E0-384A-4D19-8D19-620E353ED95D}"
EndProject
Project("{9A19103F-16F7-4668-BE54-9A1E7A4F7556}") = "AdventOfCode.Y2017.Tests", "AdventOfCode.Y2017.Tests\AdventOfCode.Y2017.Tests.csproj", "{4D8A1E9D-7B03-4C25-8F1F-BC60E518518F}"
EndProject
Project("{9A19103F-16F7-4668-BE54-9A1E7A4F7556}") = "AdventOfCode.Y2018", "AdventOfCode.Y2018\AdventOfCode.Y2018.csproj", "{16B67D81-3F68-4F82-B920-30C1E8C726F4}"
EndProject
Project("{9A19103F-16F7-4668-BE54-9A1E7A4F7556}") = "AdventOfCode.Y2018.Tests", "AdventOfCode.Y2018.Tests\AdventOfCode.Y2018.Tests.csproj", "{9B3459B6-5D73-4516-9576-20A00B6337B5}"
EndProject
Project("{9A19103F-16F7-4668-BE54-9A1E7A4F7556}") = "AdventOfCode.Y2019", "AdventOfCode.Y2019\AdventOfCode.Y2019.csproj", "{0988BA54-BDA3-4948-9BC4-161F5D181102}"
EndProject
Project("{9A19103F-16F7-4668-BE54-9A1E7A4F7556}") = "AdventOfCode.Y2019.Tests", "AdventOfCode.Y2019.Tests\AdventOfCode.Y2019.Tests.csproj", "{85CC3D5D-8BB9-433E-B7B1-CA41EB7C14F4}"
EndProject
Project("{9A19103F-16F7-4668-BE54-9A1E7A4F7556}") = "AdventOfCode.Y2020", "AdventOfCode.Y2020\AdventOfCode.Y2020.csproj", "{B89F2B87-71EB-4891-89B1-AB64E78B113E}"
EndProject
Project("{9A19103F-16F7-4668-BE54-9A1E7A4F7556}") = "AdventOfCode.Y2020.Tests", "AdventOfCode.Y2020.Tests\AdventOfCode.Y2020.Tests.csproj", "{41898956-A4B8-4427-AE7F-71E64FEB375A}"
EndProject
Project("{9A19103F-16F7-4668-BE54-9A1E7A4F7556}") = "AdventOfCode.Y2021", "AdventOfCode.Y2021\AdventOfCode.Y2021.csproj", "{F80F8633-051D-4D9C-8EB7-0484A3F6C750}"
EndProject
Project("{9A19103F-16F7-4668-BE54-9A1E7A4F7556}") = "AdventOfCode.Y2021.Tests", "AdventOfCode.Y2021.Tests\AdventOfCode.Y2021.Tests.csproj", "{4F3DAADF-AC56-40A9-BFAD-DDE1A91E652C}"
EndProject
Project("{9A19103F-16F7-4668-BE54-9A1E7A4F7556}") = "AdventOfCode.Y2023", "AdventOfCode.Y2023\AdventOfCode.Y2023.csproj", "{6E31D3DE-8AA5-4610-96A8-5B677E701001}"
EndProject
Project("{9A19103F-16F7-4668-BE54-9A1E7A4F7556}") = "AdventOfCode.Y2023.Tests", "AdventOfCode.Y2023.Tests\AdventOfCode.Y2023.Tests.csproj", "{3C1D7A50-FA86-421C-81C3-99FAFB5B2FB8}"
EndProject
Global
	GlobalSection(SolutionConfigurationPlatforms) = preSolution
		Debug|Any CPU = Debug|Any CPU
		Release|Any CPU = Release|Any CPU
	EndGlobalSection
	GlobalSection(ProjectConfigurationPlatforms) = postSolution
		{E3A40680-219C-4259-83C5-EC08AA8EE4A0}.Debug|Any CPU.ActiveCfg = Debug|Any CPU
		{E3A40680-219C-4259-83C5-EC08AA8EE4A0}.Debug|Any CPU.Build.0 = Debug|Any CPU
		{E3A40680-219C-4259-83C5-EC08AA8EE4A0}.Release|Any CPU.ActiveCfg = Release|Any CPU
		{E3A40680-219C-4259-83C5-EC08AA8EE4A0}.Release|Any CPU.Build.0 = Release|Any CPU
		{6B4D6E97-D360-4710-90AF-7C78366F8B24}.Debug|Any CPU.ActiveCfg = Debug|Any CPU
		{6B4D6E97-D360-4710-90AF-7C78366F8B24}.Debug|Any CPU.Build.0 = Debug|Any CPU
		{6B4D6E97-D360-4710-90AF-7C78366F8B24}.Release|Any CPU.ActiveCfg = Release|Any CPU
		{6B4D6E97-D360-4710-90AF-7C78366F8B24}.Release|Any CPU.Build.0 = Release|Any CPU
		{86483DA3-47AF-46BD-AEAB-5E57582B220B}.Debug|Any CPU.ActiveCfg = Debug|Any CPU
		{86483DA3-47AF-46BD-AEAB-5E57582B220B}.Debug|Any CPU.Build.0 = Debug|Any CPU
		{86483DA3-47AF-46BD-AEAB-5E57582B220B}.Release|Any CPU.ActiveCfg = Release|Any CPU
		{86483DA3-47AF-46BD-AEAB-5E57582B220B}.Release|Any CPU.Build.0 = Release|Any CPU
		{A39DDEC6-1D46-4ACE-9BB3-48671D274508}.Debug|Any CPU.ActiveCfg = Debug|Any CPU
		{A39DDEC6-1D46-4ACE-9BB3-48671D274508}.Debug|Any CPU.Build.0 = Debug|Any CPU
		{A39DDEC6-1D46-4ACE-9BB3-48671D274508}.Release|Any CPU.ActiveCfg = Release|Any CPU
		{A39DDEC6-1D46-4ACE-9BB3-48671D274508}.Release|Any CPU.Build.0 = Release|Any CPU
		{67D4EE0F-34F6-4D9E-B587-49DD6C425407}.Debug|Any CPU.ActiveCfg = Debug|Any CPU
		{67D4EE0F-34F6-4D9E-B587-49DD6C425407}.Debug|Any CPU.Build.0 = Debug|Any CPU
		{67D4EE0F-34F6-4D9E-B587-49DD6C425407}.Release|Any CPU.ActiveCfg = Release|Any CPU
		{67D4EE0F-34F6-4D9E-B587-49DD6C425407}.Release|Any CPU.Build.0 = Release|Any CPU
		{9B5AB1DA-1438-4F33-BB68-BFB2BA5EEBD3}.Debug|Any CPU.ActiveCfg = Debug|Any CPU
		{9B5AB1DA-1438-4F33-BB68-BFB2BA5EEBD3}.Debug|Any CPU.Build.0 = Debug|Any CPU
		{9B5AB1DA-1438-4F33-BB68-BFB2BA5EEBD3}.Release|Any CPU.ActiveCfg = Release|Any CPU
		{9B5AB1DA-1438-4F33-BB68-BFB2BA5EEBD3}.Release|Any CPU.Build.0 = Release|Any CPU
		{9473793D-B929-4975-B328-A392D9003A6A}.Debug|Any CPU.ActiveCfg = Debug|Any CPU
		{9473793D-B929-4975-B328-A392D9003A6A}.Debug|Any CPU.Build.0 = Debug|Any CPU
		{9473793D-B929-4975-B328-A392D9003A6A}.Release|Any CPU.ActiveCfg = Release|Any CPU
		{9473793D-B929-4975-B328-A392D9003A6A}.Release|Any CPU.Build.0 = Release|Any CPU
		{6D6039E0-384A-4D19-8D19-620E353ED95D}.Debug|Any CPU.ActiveCfg = Debug|Any CPU
		{6D6039E0-384A-4D19-8D19-620E353ED95D}.Debug|Any CPU.Build.0 = Debug|Any CPU
		{6D6039E0-384A-4D19-8D19-620E353ED95D}.Release|Any CPU.ActiveCfg = Release|Any CPU
		{6D6039E0-384A-4D19-8D19-620E353ED95D}.Release|Any CPU.Build.0 = Release|Any CPU
		{4D8A1E9D-7B03-4C25-8F1F-BC60E518518F}.Debug|Any CPU.ActiveCfg = Debug|Any CPU
		{4D8A1E9D-7B03-4C25-8F1F-BC60E518518F}.Debug|Any CPU.Build.0 = Debug|Any CPU
		{4D8A1E9D-7B03-4C25-8F1F-BC60E518518F}.Release|Any CPU.ActiveCfg = Release|Any CPU
		{4D8A1E9D-7B03-4C25-8F1F-BC60E518518F}.Release|Any CPU.Build.0 = Release|Any CPU
		{16B67D81-3F68-4F82-B920-30C1E8C726F4}.Debug|Any CPU.ActiveCfg = Debug|Any CPU
		{16B67D81-3F68-4F82-B920-30C1E8C726F4}.Debug|Any CPU.Build.0 = Debug|Any CPU
		{16B67D81-3F68-4F82-B920-30C1E8C726F4}.Release|Any CPU.ActiveCfg = Release|Any CPU
		{16B67D81-3F68-4F82-B920-30C1E8C726F4}.Release|Any CPU.Build.0 = Release|Any CPU
		{9B3459B6-5D73-4516-9576-20A00B6337B5}.Debug|Any CPU.ActiveCfg = Debug|Any CPU
		{9B3459B6-5D73-4516-9576-20A00B6337B5}.Debug|Any CPU.Build.0 = Debug|Any CPU
		{9B3459B6-5D73-4516-9576-20A00B6337B5}.Release|Any CPU.ActiveCfg = Release|Any CPU
		{9B3459B6-5D73-4516-9576-20A00B6337B5}.Release|Any CPU.Build.0 = Release|Any CPU
		{0988BA54-BDA3-4948-9BC4-161F5D181102}.Debug|Any CPU.ActiveCfg = Debug|Any CPU
		{0988BA54-BDA3-4948-9BC4-161F5D181102}.Debug|Any CPU.Build.0 = Debug|Any CPU
		{0988BA54-BDA3-4948-9BC4-161F5D181102}.Release|Any CPU.ActiveCfg = Release|Any CPU
		{0988BA54-BDA3-4948-9BC4-161F5D181102}.Release|Any CPU.Build.0 = Release|Any CPU
		{85CC3D5D-8BB9-433E-B7B1-CA41EB7C14F4}.Debug|Any CPU.ActiveCfg = Debug|Any CPU
		{85CC3D5D-8BB9-433E-B7B1-CA41EB7C14F4}.Debug|Any CPU.Build.0 = Debug|Any CPU
		{85CC3D5D-8BB9-433E-B7B1-CA41EB7C14F4}.Release|Any CPU.ActiveCfg = Release|Any CPU
		{85CC3D5D-8BB9-433E-B7B1-CA41EB7C14F4}.Release|Any CPU.Build.0 = Release|Any CPU
		{B89F2B87-71EB-4891-89B1-AB64E78B113E}.Debug|Any CPU.ActiveCfg = Debug|Any CPU
		{B89F2B87-71EB-4891-89B1-AB64E78B113E}.Debug|Any CPU.Build.0 = Debug|Any CPU
		{B89F2B87-71EB-4891-89B1-AB64E78B113E}.Release|Any CPU.ActiveCfg = Release|Any CPU
		{B89F2B87-71EB-4891-89B1-AB64E78B113E}.Release|Any CPU.Build.0 = Release|Any CPU
		{41898956-A4B8-4427-AE7F-71E64FEB375A}.Debug|Any CPU.ActiveCfg = Debug|Any CPU
		{41898956-A4B8-4427-AE7F-71E64FEB375A}.Debug|Any CPU.Build.0 = Debug|Any CPU
		{41898956-A4B8-4427-AE7F-71E64FEB375A}.Release|Any CPU.ActiveCfg = Release|Any CPU
		{41898956-A4B8-4427-AE7F-71E64FEB375A}.Release|Any CPU.Build.0 = Release|Any CPU
		{F80F8633-051D-4D9C-8EB7-0484A3F6C750}.Debug|Any CPU.ActiveCfg = Debug|Any CPU
		{F80F8633-051D-4D9C-8EB7-0484A3F6C750}.Debug|Any CPU.Build.0 = Debug|Any CPU
		{F80F8633-051D-4D9C-8EB7-0484A3F6C750}.Release|Any CPU.ActiveCfg = Release|Any CPU
		{F80F8633-051D-4D9C-8EB7-0484A3F6C750}.Release|Any CPU.Build.0 = Release|Any CPU
		{4F3DAADF-AC56-40A9-BFAD-DDE1A91E652C}.Debug|Any CPU.ActiveCfg = Debug|Any CPU
		{4F3DAADF-AC56-40A9-BFAD-DDE1A91E652C}.Debug|Any CPU.Build.0 = Debug|Any CPU
		{4F3DAADF-AC56-40A9-BFAD-DDE1A91E652C}.Release|Any CPU.ActiveCfg = Release|Any CPU
		{4F3DAADF-AC56-40A9-BFAD-DDE1A91E652C}.Release|Any CPU.Build.0 = Release|Any CPU
		{6E31D3DE-8AA5-4610-96A8-5B677E701001}.Debug|Any CPU.ActiveCfg = Debug|Any CPU
		{6E31D3DE-8AA5-4610-96A8-5B677E701001}.Debug|Any CPU.Build.0 = Debug|Any CPU
		{6E31D3DE-8AA5-4610-96A8-5B677E701001}.Release|Any CPU.ActiveCfg = Release|Any CPU
		{6E31D3DE-8AA5-4610-96A8-5B677E701001}.Release|Any CPU.Build.0 = Release|Any CPU
		{3C1D7A50-FA86-421C-81C3-99FAFB5B2FB8}.Debug|Any CPU.ActiveCfg = Debug|Any CPU
		{3C1D7A50-FA86-421C-81C3-99FAFB5B2FB8}.Debug|Any CPU.Build.0 = Debug|Any CPU
		{3C1D7A50-FA86-421C-81C3-99FAFB5B2FB8}.Release|Any CPU.ActiveCfg = Release|Any CPU
		{3C1D7A50-FA86-421C-81C3-99FAFB5B2FB8}.Release|Any CPU.Build.0 = Release|Any CPU
	EndGlobalSection
	GlobalSection(SolutionProperties) = preSolution
		HideSolutionNode = FALSE
	EndGlobalSection
	GlobalSection(ExtensibilityGlobals) = postSolution
		SolutionGuid = {1D803E6C-6931-4353-BEFC-5BD4E76A066D}
	EndGlobalSection
EndGlobal
